PODS:
  - Flutter (1.0.0)
  - video_player_avfoundation (0.0.1):
    - Flutter

DEPENDENCIES:
  - Flutter (from `Flutter`)
  - video_player_avfoundation (from `.symlinks/plugins/video_player_avfoundation/ios`)

EXTERNAL SOURCES:
  Flutter:
    :path: Flutter
  video_player_avfoundation:
    :path: ".symlinks/plugins/video_player_avfoundation/ios"

SPEC CHECKSUMS:
  Flutter: e0871f40cf51350855a761d2e70bf5af5b9b5de7
  video_player_avfoundation: 81e49bb3d9fb63dccf9fa0f6d877dc3ddbeac126

PODFILE CHECKSUM: cf0c950f7e9a456b4e325f5b8fc0f98906a3705a

COCOAPODS: 1.16.2
